<?xml version="1.0" encoding="utf-8"?>
<Project ToolsVersion="4.0" xmlns="http://schemas.microsoft.com/developer/msbuild/2003">
  <ItemGroup>
    <Manifest Include="WinXShell.exe.manifest" />
  </ItemGroup>
  <ItemGroup>
    <ClCompile Include="explorer.cpp" />
    <ClCompile Include="precomp.cpp" />
    <ClCompile Include="desktop\desktop.cpp">
      <Filter>desktop</Filter>
    </ClCompile>
    <ClCompile Include="taskbar\desktopbar.cpp">
      <Filter>taskbar</Filter>
    </ClCompile>
    <ClCompile Include="shell\entries.cpp">
      <Filter>shell</Filter>
    </ClCompile>
    <ClCompile Include="taskbar\quicklaunch.cpp">
      <Filter>taskbar</Filter>
    </ClCompile>
    <ClCompile Include="shell\shellfs.cpp">
      <Filter>shell</Filter>
    </ClCompile>
    <ClCompile Include="utility\shellbrowserimpl.cpp">
      <Filter>utility</Filter>
    </ClCompile>
    <ClCompile Include="utility\shellclasses.cpp">
      <Filter>utility</Filter>
    </ClCompile>
    <ClCompile Include="utility\window.cpp">
      <Filter>utility</Filter>
    </ClCompile>
    <ClCompile Include="services\shellservices.cpp">
      <Filter>services</Filter>
    </ClCompile>
    <ClCompile Include="services\startup.c">
      <Filter>services</Filter>
    </ClCompile>
    <ClCompile Include="dialogs\settings.cpp">
      <Filter>dialogs</Filter>
    </ClCompile>
    <ClCompile Include="taskbar\startmenu.cpp">
      <Filter>taskbar</Filter>
    </ClCompile>
    <ClCompile Include="taskbar\taskbar.cpp">
      <Filter>taskbar</Filter>
    </ClCompile>
    <ClCompile Include="taskbar\traynotify.cpp">
      <Filter>taskbar</Filter>
    </ClCompile>
    <ClCompile Include="utility\utility.cpp">
      <Filter>utility</Filter>
    </ClCompile>
    <ClCompile Include="shell\winfs.cpp">
      <Filter>shell</Filter>
    </ClCompile>
    <ClCompile Include="vendor\json.cpp">
      <Filter>vendor</Filter>
    </ClCompile>
    <ClCompile Include="jconfig\jcfg.cpp">
      <Filter>jconfig</Filter>
    </ClCompile>
    <ClCompile Include="shell\fileexplorer.cpp">
      <Filter>shell</Filter>
    </ClCompile>
    <ClCompile Include="DUI\UIManager.cpp">
      <Filter>DUI</Filter>
    </ClCompile>
    <ClCompile Include="DUI\UICreator.cpp">
      <Filter>DUI</Filter>
    </ClCompile>
    <ClCompile Include="DUI\SUIParser.cpp">
      <Filter>DUI</Filter>
    </ClCompile>
    <ClCompile Include="systemsettings\MonitorAdapter.cpp">
      <Filter>systemsettings</Filter>
    </ClCompile>
    <ClCompile Include="DUI\SUIInterpreter.cpp">
      <Filter>DUI</Filter>
    </ClCompile>
    <ClCompile Include="DUI\UI_WIFI.cpp">
      <Filter>DUI</Filter>
    </ClCompile>
    <ClCompile Include="systemsettings\WLAN.cpp">
      <Filter>systemsettings</Filter>
    </ClCompile>
    <ClCompile Include="utility\mpool.cpp">
      <Filter>utility</Filter>
    </ClCompile>
    <ClCompile Include="utility\TrayHelper.cpp">
      <Filter>utility</Filter>
    </ClCompile>
    <ClCompile Include="DUI\LuaEngine.cpp">
      <Filter>DUI</Filter>
    </ClCompile>
    <ClCompile Include="DUI\SUIModule.cpp">
      <Filter>DUI</Filter>
    </ClCompile>
    <ClCompile Include="DUI\Helper.cpp">
      <Filter>DUI</Filter>
    </ClCompile>
    <ClCompile Include="systemsettings\Volume.cpp">
      <Filter>systemsettings</Filter>
    </ClCompile>
    <ClCompile Include="DUI\UI_Volume.cpp">
      <Filter>DUI</Filter>
    </ClCompile>
    <ClCompile Include="utility\LuaAppEngine.cpp">
      <Filter>utility</Filter>
    </ClCompile>
    <ClCompile Include="commandverb\ExecuteCommandVerb.cpp">
      <Filter>commandverb</Filter>
    </ClCompile>
    <ClCompile Include="features\console.cpp">
      <Filter>features</Filter>
    </ClCompile>
    <ClCompile Include="features\reshelper.cpp">
      <Filter>features</Filter>
    </ClCompile>
    <ClCompile Include="features\daemon.cpp">
      <Filter>features</Filter>
    </ClCompile>
    <ClCompile Include="globals.cpp" />
    <ClCompile Include="features\embedding.cpp">
      <Filter>features</Filter>
    </ClCompile>
    <ClCompile Include="features\snippet.cpp">
      <Filter>features</Filter>
    </ClCompile>
    <ClCompile Include="customization\powermenu.cpp">
      <Filter>customization</Filter>
    </ClCompile>
    <ClCompile Include="customization\startbutton.cpp">
      <Filter>customization</Filter>
    </ClCompile>
    <ClCompile Include="utility\ProductPolicyEditor.cpp">
      <Filter>utility</Filter>
    </ClCompile>
    <ClCompile Include="utility\FolderOptions.cpp">
      <Filter>utility</Filter>
    </ClCompile>
    <ClCompile Include="vendor\winapi\winapi.c">
      <Filter>vendor\winapi</Filter>
    </ClCompile>
    <ClCompile Include="vendor\winapi\wutils.c">
      <Filter>vendor\winapi</Filter>
    </ClCompile>
    <ClCompile Include="utility\ResourceHelper.cpp">
      <Filter>utility</Filter>
    </ClCompile>
  </ItemGroup>
  <ItemGroup>
    <ClInclude Include="resource.h" />
    <ClInclude Include="explorer.h" />
    <ClInclude Include="externals.h" />
    <ClInclude Include="globals.h" />
    <ClInclude Include="precomp.h" />
    <ClInclude Include="desktop\desktop.h">
      <Filter>desktop</Filter>
    </ClInclude>
    <ClInclude Include="taskbar\desktopbar.h">
      <Filter>taskbar</Filter>
    </ClInclude>
    <ClInclude Include="shell\entries.h">
      <Filter>shell</Filter>
    </ClInclude>
    <ClInclude Include="taskbar\quicklaunch.h">
      <Filter>taskbar</Filter>
    </ClInclude>
    <ClInclude Include="shell\shellfs.h">
      <Filter>shell</Filter>
    </ClInclude>
    <ClInclude Include="utility\shellbrowserimpl.h">
      <Filter>utility</Filter>
    </ClInclude>
    <ClInclude Include="utility\shellclasses.h">
      <Filter>utility</Filter>
    </ClInclude>
    <ClInclude Include="utility\window.h">
      <Filter>utility</Filter>
    </ClInclude>
    <ClInclude Include="services\shellservices.h">
      <Filter>services</Filter>
    </ClInclude>
    <ClInclude Include="dialogs\settings.h">
      <Filter>dialogs</Filter>
    </ClInclude>
    <ClInclude Include="taskbar\startmenu.h">
      <Filter>taskbar</Filter>
    </ClInclude>
    <ClInclude Include="taskbar\taskbar.h">
      <Filter>taskbar</Filter>
    </ClInclude>
    <ClInclude Include="taskbar\traynotify.h">
      <Filter>taskbar</Filter>
    </ClInclude>
    <ClInclude Include="utility\utility.h">
      <Filter>utility</Filter>
    </ClInclude>
    <ClInclude Include="shell\winfs.h">
      <Filter>shell</Filter>
    </ClInclude>
    <ClInclude Include="vendor\json.h">
      <Filter>vendor</Filter>
    </ClInclude>
    <ClInclude Include="jconfig\jcfg.h">
      <Filter>jconfig</Filter>
    </ClInclude>
    <ClInclude Include="shell\fileexplorer.h">
      <Filter>shell</Filter>
    </ClInclude>
    <ClInclude Include="DUI\UICreator.h">
      <Filter>DUI</Filter>
    </ClInclude>
    <ClInclude Include="DUI\UIManager.h">
      <Filter>DUI</Filter>
    </ClInclude>
    <ClInclude Include="DUI\SUIParser.h">
      <Filter>DUI</Filter>
    </ClInclude>
    <ClInclude Include="systemsettings\MonitorAdapter.h">
      <Filter>systemsettings</Filter>
    </ClInclude>
    <ClInclude Include="DUI\SUIInterpreter.h">
      <Filter>DUI</Filter>
    </ClInclude>
    <ClInclude Include="DUI\UI_WIFI.h">
      <Filter>DUI</Filter>
    </ClInclude>
    <ClInclude Include="systemsettings\WLAN.h">
      <Filter>systemsettings</Filter>
    </ClInclude>
    <ClInclude Include="utility\mpool.h">
      <Filter>utility</Filter>
    </ClInclude>
    <ClInclude Include="utility\TrayHelper.h">
      <Filter>utility</Filter>
    </ClInclude>
    <ClInclude Include="DUI\LuaEngine.h">
      <Filter>DUI</Filter>
    </ClInclude>
    <ClInclude Include="DUI\SUIModule.h">
      <Filter>DUI</Filter>
    </ClInclude>
    <ClInclude Include="DUI\Helper.h">
      <Filter>DUI</Filter>
    </ClInclude>
    <ClInclude Include="systemsettings\Volume.h">
      <Filter>systemsettings</Filter>
    </ClInclude>
    <ClInclude Include="DUI\UI_Volume.h">
      <Filter>DUI</Filter>
    </ClInclude>
    <ClInclude Include="utility\LuaAppEngine.h">
      <Filter>utility</Filter>
    </ClInclude>
    <ClInclude Include="commandverb\ShellHelpers.h">
      <Filter>commandverb</Filter>
    </ClInclude>
    <ClInclude Include="commandverb\VerbHelpers.h">
      <Filter>commandverb</Filter>
    </ClInclude>
    <ClInclude Include="features\reshelper.h">
      <Filter>features</Filter>
    </ClInclude>
    <ClInclude Include="features\features.h">
      <Filter>features</Filter>
    </ClInclude>
    <ClInclude Include="customization\powermenu.h">
      <Filter>customization</Filter>
    </ClInclude>
    <ClInclude Include="customization\startbutton.h">
      <Filter>customization</Filter>
    </ClInclude>
    <ClInclude Include="utility\UNIBASE.h">
      <Filter>utility</Filter>
    </ClInclude>
    <ClInclude Include="utility\ProductPolicyEditor.h">
      <Filter>utility</Filter>
    </ClInclude>
    <ClInclude Include="utility\FolderOptions.h">
      <Filter>utility</Filter>
    </ClInclude>
    <ClInclude Include="vendor\winapi\wutils.h">
      <Filter>vendor\winapi</Filter>
    </ClInclude>
    <ClInclude Include="utility\ResourceHelper.h">
      <Filter>utility</Filter>
    </ClInclude>
  </ItemGroup>
  <ItemGroup>
    <ResourceCompile Include="explorer_intres.rc" />
    <ResourceCompile Include="explorer-en.rc" />
    <ResourceCompile Include="explorer-zh.rc" />
  </ItemGroup>
  <ItemGroup>
    <Image Include="res\action.ico">
      <Filter>res</Filter>
    </Image>
    <Image Include="res\administration.ico">
      <Filter>res</Filter>
    </Image>
    <Image Include="res\appicon.ico">
      <Filter>res</Filter>
    </Image>
    <Image Include="res\apps.ico">
      <Filter>res</Filter>
    </Image>
    <Image Include="res\arrow.ico">
      <Filter>res</Filter>
    </Image>
    <Image Include="res\arrow_dwn.ico">
      <Filter>res</Filter>
    </Image>
    <Image Include="res\arrow_up.ico">
      <Filter>res</Filter>
    </Image>
    <Image Include="res\arrowsel.ico">
      <Filter>res</Filter>
    </Image>
    <Image Include="res\computer.ico">
      <Filter>res</Filter>
    </Image>
    <Image Include="res\config.ico">
      <Filter>res</Filter>
    </Image>
    <Image Include="res\control-panel.ico">
      <Filter>res</Filter>
    </Image>
    <Image Include="res\desktop-settings.ico">
      <Filter>res</Filter>
    </Image>
    <Image Include="res\documents.ico">
      <Filter>res</Filter>
    </Image>
    <Image Include="res\dot.ico">
      <Filter>res</Filter>
    </Image>
    <Image Include="res\dot_red.ico">
      <Filter>res</Filter>
    </Image>
    <Image Include="res\dot_trans.ico">
      <Filter>res</Filter>
    </Image>
    <Image Include="res\drivebar.bmp">
      <Filter>res</Filter>
    </Image>
    <Image Include="res\floating.ico">
      <Filter>res</Filter>
    </Image>
    <Image Include="res\folder.ico">
      <Filter>res</Filter>
    </Image>
    <Image Include="res\explorer.ico">
      <Filter>res</Filter>
    </Image>
    <Image Include="res\favorites.ico">
      <Filter>res</Filter>
    </Image>
    <Image Include="res\icoali10.bmp">
      <Filter>res</Filter>
    </Image>
    <Image Include="res\icoalig0.bmp">
      <Filter>res</Filter>
    </Image>
    <Image Include="res\icoalig1.bmp">
      <Filter>res</Filter>
    </Image>
    <Image Include="res\icoalig2.bmp">
      <Filter>res</Filter>
    </Image>
    <Image Include="res\icoalig3.bmp">
      <Filter>res</Filter>
    </Image>
    <Image Include="res\icoalig4.bmp">
      <Filter>res</Filter>
    </Image>
    <Image Include="res\icoalig5.bmp">
      <Filter>res</Filter>
    </Image>
    <Image Include="res\icoalig6.bmp">
      <Filter>res</Filter>
    </Image>
    <Image Include="res\icoalig7.bmp">
      <Filter>res</Filter>
    </Image>
    <Image Include="res\icoalig8.bmp">
      <Filter>res</Filter>
    </Image>
    <Image Include="res\icoalig9.bmp">
      <Filter>res</Filter>
    </Image>
    <Image Include="res\images.bmp">
      <Filter>res</Filter>
    </Image>
    <Image Include="res\info.ico">
      <Filter>res</Filter>
    </Image>
    <Image Include="res\logoff.ico">
      <Filter>res</Filter>
    </Image>
    <Image Include="res\logov.bmp">
      <Filter>res</Filter>
    </Image>
    <Image Include="res\logov16.bmp">
      <Filter>res</Filter>
    </Image>
    <Image Include="res\logov256.bmp">
      <Filter>res</Filter>
    </Image>
    <Image Include="res\mdi.bmp">
      <Filter>res</Filter>
    </Image>
    <Image Include="res\minimize.ico">
      <Filter>res</Filter>
    </Image>
    <Image Include="res\network-conns.ico">
      <Filter>res</Filter>
    </Image>
    <Image Include="res\network.ico">
      <Filter>res</Filter>
    </Image>
    <Image Include="res\printer.ico">
      <Filter>res</Filter>
    </Image>
    <Image Include="res\restart.ico">
      <Filter>res</Filter>
    </Image>
    <Image Include="res\sdi.bmp">
      <Filter>res</Filter>
    </Image>
    <Image Include="res\search-doc.ico">
      <Filter>res</Filter>
    </Image>
    <Image Include="res\search.ico">
      <Filter>res</Filter>
    </Image>
    <Image Include="res\shutdown.ico">
      <Filter>res</Filter>
    </Image>
    <Image Include="res\speaker.ico">
      <Filter>res</Filter>
    </Image>
    <Image Include="res\toolbar.bmp">
      <Filter>res</Filter>
    </Image>
    <Image Include="res\recent-documents.ico">
      <Filter>res</Filter>
    </Image>
    <Image Include="res\notify_l_b.ico">
      <Filter>res</Filter>
    </Image>
    <Image Include="res\notify_l_w.ico">
      <Filter>res</Filter>
    </Image>
    <Image Include="res\notify_r_b.ico">
      <Filter>res</Filter>
    </Image>
    <Image Include="res\notify_r_w.ico">
      <Filter>res</Filter>
    </Image>
    <Image Include="res\startmenu_b.ico">
      <Filter>res</Filter>
    </Image>
    <Image Include="res\startmenu_w.ico">
      <Filter>res</Filter>
    </Image>
    <Image Include="res\tbshdef.bmp">
      <Filter>res</Filter>
    </Image>
    <Image Include="res\terminate.ico">
      <Filter>res</Filter>
    </Image>
    <Image Include="res\empty.ico">
      <Filter>res</Filter>
    </Image>
    <Image Include="res\winxshell-big.ico" />
    <Image Include="res\winxshell.ico" />
    <Image Include="res\tray_network_wireless_noconn.ico">
      <Filter>res</Filter>
    </Image>
    <Image Include="res\sm_custom_1.ico">
      <Filter>res</Filter>
    </Image>
    <Image Include="res\sm_custom_2.ico">
      <Filter>res</Filter>
    </Image>
  </ItemGroup>
  <ItemGroup>
    <Filter Include="utility">
      <UniqueIdentifier>{46dea673-0483-4a92-98a7-b03684b2843e}</UniqueIdentifier>
    </Filter>
    <Filter Include="taskbar">
      <UniqueIdentifier>{7415459c-1380-4d2f-8a20-956af4d5874f}</UniqueIdentifier>
    </Filter>
    <Filter Include="shell">
      <UniqueIdentifier>{8d29f804-a84c-46cc-aa72-307a37a66391}</UniqueIdentifier>
    </Filter>
    <Filter Include="desktop">
      <UniqueIdentifier>{53783b8d-b5c1-4fec-a025-49e77cf838c8}</UniqueIdentifier>
    </Filter>
    <Filter Include="res">
      <UniqueIdentifier>{bedaa526-d83b-4901-8326-71137727d51d}</UniqueIdentifier>
    </Filter>
    <Filter Include="services">
      <UniqueIdentifier>{39a5677c-af59-43ed-b8fe-67c72b603eb8}</UniqueIdentifier>
    </Filter>
    <Filter Include="dialogs">
      <UniqueIdentifier>{b0a4513d-65eb-44c7-a72d-ec5cafd30903}</UniqueIdentifier>
    </Filter>
    <Filter Include="vendor">
      <UniqueIdentifier>{2b39a04d-e818-4c51-b95b-10048f65df5c}</UniqueIdentifier>
    </Filter>
    <Filter Include="jconfig">
      <UniqueIdentifier>{738faaa0-fce2-4d26-9acb-5e6c2f9169f5}</UniqueIdentifier>
    </Filter>
    <Filter Include="DUI">
      <UniqueIdentifier>{88849217-311a-4746-b089-fd7c92968594}</UniqueIdentifier>
    </Filter>
    <Filter Include="systemsettings">
      <UniqueIdentifier>{5aaa6406-ca64-4d33-bbc5-068ff26a18a3}</UniqueIdentifier>
    </Filter>
    <Filter Include="commandverb">
      <UniqueIdentifier>{02871a87-905e-44a5-bec2-e31725a08fe6}</UniqueIdentifier>
    </Filter>
    <Filter Include="features">
      <UniqueIdentifier>{5377e3fb-b9a8-42db-88a9-6e9223ec7f1f}</UniqueIdentifier>
    </Filter>
    <Filter Include="customization">
      <UniqueIdentifier>{c97ad327-f251-42a8-9d1d-c106f26bf713}</UniqueIdentifier>
    </Filter>
    <Filter Include="vendor\winapi">
      <UniqueIdentifier>{6378234b-651b-4dc3-8021-a89a4460dc64}</UniqueIdentifier>
    </Filter>
  </ItemGroup>
</Project>